
Microsoft Visual Studio Solution File, Format Version 12.00
# Visual Studio Version 16
VisualStudioVersion = 16.0.30128.74
MinimumVisualStudioVersion = 10.0.40219.1
Project("{9A19103F-16F7-4668-BE54-9A1E7A4F7556}") = "AWSServerlessLambda", "AWSServerlessLambda.csproj", "{2DD1A70B-F5D4-49CB-BEAD-CCD00E81268E}"
EndProject
Project("{9A19103F-16F7-4668-BE54-9A1E7A4F7556}") = "AWSServerlessLambda.Tests", "..\AWSServerlessLambda.Tests\AWSServerlessLambda.Tests.csproj", "{F51E0C7B-9A0D-4502-8806-4DDB05DA1455}"
EndProject
Global
	GlobalSection(SolutionConfigurationPlatforms) = preSolution
		Debug|Any CPU = Debug|Any CPU
		Release|Any CPU = Release|Any CPU
	EndGlobalSection
	GlobalSection(ProjectConfigurationPlatforms) = postSolution
		{2DD1A70B-F5D4-49CB-BEAD-CCD00E81268E}.Debug|Any CPU.ActiveCfg = Debug|Any CPU
		{2DD1A70B-F5D4-49CB-BEAD-CCD00E81268E}.Debug|Any CPU.Build.0 = Debug|Any CPU
		{2DD1A70B-F5D4-49CB-BEAD-CCD00E81268E}.Release|Any CPU.ActiveCfg = Release|Any CPU
		{2DD1A70B-F5D4-49CB-BEAD-CCD00E81268E}.Release|Any CPU.Build.0 = Release|Any CPU
		{F51E0C7B-9A0D-4502-8806-4DDB05DA1455}.Debug|Any CPU.ActiveCfg = Debug|Any CPU
		{F51E0C7B-9A0D-4502-8806-4DDB05DA1455}.Debug|Any CPU.Build.0 = Debug|Any CPU
		{F51E0C7B-9A0D-4502-8806-4DDB05DA1455}.Release|Any CPU.ActiveCfg = Release|Any CPU
		{F51E0C7B-9A0D-4502-8806-4DDB05DA1455}.Release|Any CPU.Build.0 = Release|Any CPU
	EndGlobalSection
	GlobalSection(SolutionProperties) = preSolution
		HideSolutionNode = FALSE
	EndGlobalSection
	GlobalSection(ExtensibilityGlobals) = postSolution
		SolutionGuid = {95B797E7-9A69-406E-8DB9-55288FAA374B}
	EndGlobalSection
EndGlobal
